
Microsoft Visual Studio Solution File, Format Version 12.00
# Visual Studio Version 17
VisualStudioVersion = 17.14.36203.30 d17.14
MinimumVisualStudioVersion = 10.0.40219.1
Project("{FAE04EC0-301F-11D3-BF4B-00C04F79EFBC}") = "SumatoServices", "SumatoServices\SumatoServices.csproj", "{D659791B-5BB3-4207-9A5A-A25E4BA12AE7}"
EndProject
Global
	GlobalSection(SolutionConfigurationPlatforms) = preSolution
		Debug|Any CPU = Debug|Any CPU
		Release|Any CPU = Release|Any CPU
	EndGlobalSection
	GlobalSection(ProjectConfigurationPlatforms) = postSolution
		{D659791B-5BB3-4207-9A5A-A25E4BA12AE7}.Debug|Any CPU.ActiveCfg = Debug|Any CPU
		{D659791B-5BB3-4207-9A5A-A25E4BA12AE7}.Debug|Any CPU.Build.0 = Debug|Any CPU
		{D659791B-5BB3-4207-9A5A-A25E4BA12AE7}.Release|Any CPU.ActiveCfg = Release|Any CPU
		{D659791B-5BB3-4207-9A5A-A25E4BA12AE7}.Release|Any CPU.Build.0 = Release|Any CPU
	EndGlobalSection
	GlobalSection(SolutionProperties) = preSolution
		HideSolutionNode = FALSE
	EndGlobalSection
	GlobalSection(ExtensibilityGlobals) = postSolution
		SolutionGuid = {2D6CA4D9-3B1D-4071-9F5B-E2A784CD0C12}
	EndGlobalSection
EndGlobal
